<?xml version="1.0" encoding="utf-8"?>
<Project ToolsVersion="4.0" xmlns="http://schemas.microsoft.com/developer/msbuild/2003">
  <ItemGroup>
    <Filter Include="Source Files">
      <UniqueIdentifier>{4FC737F1-C7A5-4376-A066-2A32D752A2FF}</UniqueIdentifier>
      <Extensions>cpp</Extensions>
    </Filter>
    <Filter Include="Header Files">
      <UniqueIdentifier>{93995380-89BD-4b04-88EB-625FBE52EBFB}</UniqueIdentifier>
      <Extensions>h</Extensions>
    </Filter>
    <Filter Include="Header Files\display">
      <UniqueIdentifier>{8fb1a5f6-4d85-4548-b151-63fd65662bdf}</UniqueIdentifier>
    </Filter>
    <Filter Include="Source Files\display">
      <UniqueIdentifier>{ef6c3265-39f5-4ee0-a03a-9cb5878b5b93}</UniqueIdentifier>
    </Filter>
    <Filter Include="Header Files\engine">
      <UniqueIdentifier>{43e81334-0276-4906-a10d-9553ee132fe2}</UniqueIdentifier>
    </Filter>
    <Filter Include="Source Files\engine">
      <UniqueIdentifier>{2e4d63d0-5e97-4585-a448-b4c247a80492}</UniqueIdentifier>
    </Filter>
    <Filter Include="Header Files\utility">
      <UniqueIdentifier>{2151ff33-dd67-4a3d-946a-521fd1f894c2}</UniqueIdentifier>
    </Filter>
    <Filter Include="Source Files\utility">
      <UniqueIdentifier>{5822619f-4844-4faa-88de-1d3a8609eb72}</UniqueIdentifier>
    </Filter>
  </ItemGroup>
  <ItemGroup>
    <ClInclude Include="src\memwrite.h">
      <Filter>Header Files</Filter>
    </ClInclude>
    <ClInclude Include="src\main.h">
      <Filter>Header Files</Filter>
    </ClInclude>
    <ClInclude Include="src\display\textarea.h">
      <Filter>Header Files\display</Filter>
    </ClInclude>
    <ClInclude Include="src\engine\soundtracker.h">
      <Filter>Header Files\engine</Filter>
    </ClInclude>
    <ClInclude Include="src\global.h">
      <Filter>Header Files</Filter>
    </ClInclude>
    <ClInclude Include="src\display\renderer.h">
      <Filter>Header Files\display</Filter>
    </ClInclude>
    <ClInclude Include="src\engine\subtitles.h">
      <Filter>Header Files\engine</Filter>
    </ClInclude>
    <ClInclude Include="src\engine\caption.h">
      <Filter>Header Files\engine</Filter>
    </ClInclude>
    <ClInclude Include="src\global.h">
      <Filter>Header Files</Filter>
    </ClInclude>
    <ClInclude Include="src\utility\subtitlekey.h">
      <Filter>Header Files\utility</Filter>
    </ClInclude>
    <ClInclude Include="src\utility\crc32.h">
      <Filter>Header Files\utility</Filter>
    </ClInclude>
    <ClInclude Include="src\utility\mutex.h">
      <Filter>Header Files\utility</Filter>
    </ClInclude>
    <ClInclude Include="src\display\config.h">
      <Filter>Header Files\display</Filter>
    </ClInclude>
  </ItemGroup>
  <ItemGroup>
    <ClCompile Include="src\d3d8.cpp">
      <Filter>Source Files</Filter>
    </ClCompile>
    <ClCompile Include="src\main.cpp">
      <Filter>Source Files</Filter>
    </ClCompile>
    <ClCompile Include="src\memwrite.cpp">
      <Filter>Source Files</Filter>
    </ClCompile>
    <ClCompile Include="src\display\textarea.cpp">
      <Filter>Source Files\display</Filter>
    </ClCompile>
    <ClCompile Include="src\engine\soundtracker.cpp">
      <Filter>Source Files\engine</Filter>
    </ClCompile>
    <ClCompile Include="src\display\renderer.cpp">
      <Filter>Source Files\display</Filter>
    </ClCompile>
    <ClCompile Include="src\engine\subtitles.cpp">
      <Filter>Source Files\engine</Filter>
    </ClCompile>
    <ClCompile Include="src\pch.cpp">
      <Filter>Source Files</Filter>
    </ClCompile>
    <ClCompile Include="src\engine\caption.cpp">
      <Filter>Source Files\engine</Filter>
    </ClCompile>
    <ClCompile Include="src\pch.cpp">
      <Filter>Source Files</Filter>
    </ClCompile>
    <ClCompile Include="src\utility\crc32.cpp">
      <Filter>Source Files\utility</Filter>
    </ClCompile>
    <ClCompile Include="src\utility\mutex.cpp">
      <Filter>Source Files\utility</Filter>
    </ClCompile>
    <ClCompile Include="src\utility\subtitlekey.cpp">
      <Filter>Source Files\utility</Filter>
    </ClCompile>
    <ClCompile Include="src\export.cpp">
      <Filter>Source Files</Filter>
    </ClCompile>
    <ClCompile Include="src\display\config.cpp">
      <Filter>Source Files\display</Filter>
    </ClCompile>
  </ItemGroup>
</Project>